
Microsoft Visual Studio Solution File, Format Version 12.00
# Visual Studio Version 17
VisualStudioVersion = 17.7.34221.43
MinimumVisualStudioVersion = 10.0.40219.1
Project("{9A19103F-16F7-4668-BE54-9A1E7A4F7556}") = "ZenithUI", "ZenithUI\ZenithUI.csproj", "{4693946E-91E1-4ACE-B2F7-D31A3222BD4D}"
EndProject
Project("{9A19103F-16F7-4668-BE54-9A1E7A4F7556}") = "ZenithUI.Implement.Wpf", "..\..\ZenithUI\ZenithUI\ZenithUI.Implement.Wpf.csproj", "{9E3E8FCC-F28F-4BE9-9466-472D6E9655FB}"
EndProject
Project("{FAE04EC0-301F-11D3-BF4B-00C04F79EFBC}") = "ZenithUI-portable", "..\ZenithUI-portable\ZenithUI-portable\ZenithUI-portable.csproj", "{4077D9AB-26E3-47F9-BB4E-95BF7CF9F876}"
EndProject
Project("{2150E333-8FDC-42A3-9474-1A3956D46DE8}") = "@UI", "@UI", "{DF740CC3-60CA-4718-A2B6-D2E868321904}"
EndProject
Project("{2150E333-8FDC-42A3-9474-1A3956D46DE8}") = "Implement.", "Implement.", "{164293D4-39BF-41E8-9509-8885B7F5CA36}"
EndProject
Project("{9A19103F-16F7-4668-BE54-9A1E7A4F7556}") = "ZenithUI.Implement.Forms", "ZenithUI.Implement.Forms\ZenithUI.Implement.Forms.csproj", "{3E2C33EB-1084-4282-86CB-5F66C6E7C940}"
EndProject
Project("{9A19103F-16F7-4668-BE54-9A1E7A4F7556}") = "ZenithUI.Implement.Maui", "ZenithUI.Implement.Maui\ZenithUI.Implement.Maui.csproj", "{B2886DE8-7BCE-42D4-93DB-31E093BCDABF}"
EndProject
Project("{9A19103F-16F7-4668-BE54-9A1E7A4F7556}") = "ZenithUI.Implement.gtksharp", "ZenithUI.Implement.gtksharp\ZenithUI.Implement.gtksharp.csproj", "{D9F4201A-B6D5-4413-B5A8-9FDA2666307C}"
EndProject
Project("{9A19103F-16F7-4668-BE54-9A1E7A4F7556}") = "ZenithUI.Implement.DirectX", "ZenithUI.Implement.Direct\ZenithUI.Implement.DirectX.csproj", "{EFD4286B-1362-4F64-9C92-7FB6161A9414}"
EndProject
Project("{9A19103F-16F7-4668-BE54-9A1E7A4F7556}") = "ZenithUI.Implement.OpenGL", "ZenithUI.Implement.OpenGL\ZenithUI.Implement.OpenGL.csproj", "{BFE0A017-7B45-4EFB-B15A-1EEA78E0890A}"
EndProject
Project("{9A19103F-16F7-4668-BE54-9A1E7A4F7556}") = "ZenithUI.Implement.Vulkan", "ZenithUI.Implement.Vulkan\ZenithUI.Implement.Vulkan.csproj", "{F2C06FFE-64F8-4A62-AB6A-7D3B4100D509}"
EndProject
Project("{9A19103F-16F7-4668-BE54-9A1E7A4F7556}") = "LunaSoft.CommonObjects", "..\LunaSoft.CommonObjects\LunaSoft.CommonObjects.csproj", "{352E2D63-1454-4C44-B23A-991A6A27F80C}"
EndProject
Project("{FAE04EC0-301F-11D3-BF4B-00C04F79EFBC}") = "LunaSoft.CommonObjects-portable", "..\LunaSoft.CommonObjects-portable\LunaSoft.CommonObjects-portable.csproj", "{9DC3D2BA-8EAC-4A50-A03F-8BECA2FB581B}"
EndProject
Project("{2150E333-8FDC-42A3-9474-1A3956D46DE8}") = "@CommonObjects", "@CommonObjects", "{FBAD9B21-A897-430A-8A8F-3AABC53006D3}"
EndProject
Project("{9A19103F-16F7-4668-BE54-9A1E7A4F7556}") = "LunaSoft.Explorer++", "..\..\LunaSoft.Explorer++\LunaSoft.Explorer++.csproj", "{1A4C31A0-28E7-4934-8831-220AE72CF44F}"
EndProject
Project("{2150E333-8FDC-42A3-9474-1A3956D46DE8}") = "Explorer++", "Explorer++", "{B5C5E144-B435-4540-BCD8-C1469F642576}"
EndProject
Project("{9A19103F-16F7-4668-BE54-9A1E7A4F7556}") = "LunaSoft.Explorer++.Wpf", "..\..\LunaSoft.Explorer++.Wpf\LunaSoft.Explorer++.Wpf.csproj", "{EF35B0C8-5A5F-4FFD-A697-600651D364BD}"
EndProject
Project("{FAE04EC0-301F-11D3-BF4B-00C04F79EFBC}") = "LunaSoft.Explorer++.Shared", "LunaSoft.Explorer++.Shared\LunaSoft.Explorer++.Shared.csproj", "{7B70BA10-6B81-4922-845B-28D0B559661B}"
EndProject
Global
	GlobalSection(SolutionConfigurationPlatforms) = preSolution
		Debug|Any CPU = Debug|Any CPU
		Release|Any CPU = Release|Any CPU
	EndGlobalSection
	GlobalSection(ProjectConfigurationPlatforms) = postSolution
		{4693946E-91E1-4ACE-B2F7-D31A3222BD4D}.Debug|Any CPU.ActiveCfg = Debug|Any CPU
		{4693946E-91E1-4ACE-B2F7-D31A3222BD4D}.Debug|Any CPU.Build.0 = Debug|Any CPU
		{4693946E-91E1-4ACE-B2F7-D31A3222BD4D}.Release|Any CPU.ActiveCfg = Release|Any CPU
		{4693946E-91E1-4ACE-B2F7-D31A3222BD4D}.Release|Any CPU.Build.0 = Release|Any CPU
		{9E3E8FCC-F28F-4BE9-9466-472D6E9655FB}.Debug|Any CPU.ActiveCfg = Debug|Any CPU
		{9E3E8FCC-F28F-4BE9-9466-472D6E9655FB}.Debug|Any CPU.Build.0 = Debug|Any CPU
		{9E3E8FCC-F28F-4BE9-9466-472D6E9655FB}.Release|Any CPU.ActiveCfg = Release|Any CPU
		{9E3E8FCC-F28F-4BE9-9466-472D6E9655FB}.Release|Any CPU.Build.0 = Release|Any CPU
		{4077D9AB-26E3-47F9-BB4E-95BF7CF9F876}.Debug|Any CPU.ActiveCfg = Debug|Any CPU
		{4077D9AB-26E3-47F9-BB4E-95BF7CF9F876}.Debug|Any CPU.Build.0 = Debug|Any CPU
		{4077D9AB-26E3-47F9-BB4E-95BF7CF9F876}.Release|Any CPU.ActiveCfg = Release|Any CPU
		{4077D9AB-26E3-47F9-BB4E-95BF7CF9F876}.Release|Any CPU.Build.0 = Release|Any CPU
		{3E2C33EB-1084-4282-86CB-5F66C6E7C940}.Debug|Any CPU.ActiveCfg = Debug|Any CPU
		{3E2C33EB-1084-4282-86CB-5F66C6E7C940}.Debug|Any CPU.Build.0 = Debug|Any CPU
		{3E2C33EB-1084-4282-86CB-5F66C6E7C940}.Release|Any CPU.ActiveCfg = Release|Any CPU
		{3E2C33EB-1084-4282-86CB-5F66C6E7C940}.Release|Any CPU.Build.0 = Release|Any CPU
		{B2886DE8-7BCE-42D4-93DB-31E093BCDABF}.Debug|Any CPU.ActiveCfg = Debug|Any CPU
		{B2886DE8-7BCE-42D4-93DB-31E093BCDABF}.Debug|Any CPU.Build.0 = Debug|Any CPU
		{B2886DE8-7BCE-42D4-93DB-31E093BCDABF}.Release|Any CPU.ActiveCfg = Release|Any CPU
		{B2886DE8-7BCE-42D4-93DB-31E093BCDABF}.Release|Any CPU.Build.0 = Release|Any CPU
		{D9F4201A-B6D5-4413-B5A8-9FDA2666307C}.Debug|Any CPU.ActiveCfg = Debug|Any CPU
		{D9F4201A-B6D5-4413-B5A8-9FDA2666307C}.Debug|Any CPU.Build.0 = Debug|Any CPU
		{D9F4201A-B6D5-4413-B5A8-9FDA2666307C}.Release|Any CPU.ActiveCfg = Release|Any CPU
		{D9F4201A-B6D5-4413-B5A8-9FDA2666307C}.Release|Any CPU.Build.0 = Release|Any CPU
		{EFD4286B-1362-4F64-9C92-7FB6161A9414}.Debug|Any CPU.ActiveCfg = Debug|Any CPU
		{EFD4286B-1362-4F64-9C92-7FB6161A9414}.Debug|Any CPU.Build.0 = Debug|Any CPU
		{EFD4286B-1362-4F64-9C92-7FB6161A9414}.Release|Any CPU.ActiveCfg = Release|Any CPU
		{EFD4286B-1362-4F64-9C92-7FB6161A9414}.Release|Any CPU.Build.0 = Release|Any CPU
		{BFE0A017-7B45-4EFB-B15A-1EEA78E0890A}.Debug|Any CPU.ActiveCfg = Debug|Any CPU
		{BFE0A017-7B45-4EFB-B15A-1EEA78E0890A}.Debug|Any CPU.Build.0 = Debug|Any CPU
		{BFE0A017-7B45-4EFB-B15A-1EEA78E0890A}.Release|Any CPU.ActiveCfg = Release|Any CPU
		{BFE0A017-7B45-4EFB-B15A-1EEA78E0890A}.Release|Any CPU.Build.0 = Release|Any CPU
		{F2C06FFE-64F8-4A62-AB6A-7D3B4100D509}.Debug|Any CPU.ActiveCfg = Debug|Any CPU
		{F2C06FFE-64F8-4A62-AB6A-7D3B4100D509}.Debug|Any CPU.Build.0 = Debug|Any CPU
		{F2C06FFE-64F8-4A62-AB6A-7D3B4100D509}.Release|Any CPU.ActiveCfg = Release|Any CPU
		{F2C06FFE-64F8-4A62-AB6A-7D3B4100D509}.Release|Any CPU.Build.0 = Release|Any CPU
		{352E2D63-1454-4C44-B23A-991A6A27F80C}.Debug|Any CPU.ActiveCfg = Debug|Any CPU
		{352E2D63-1454-4C44-B23A-991A6A27F80C}.Debug|Any CPU.Build.0 = Debug|Any CPU
		{352E2D63-1454-4C44-B23A-991A6A27F80C}.Release|Any CPU.ActiveCfg = Release|Any CPU
		{352E2D63-1454-4C44-B23A-991A6A27F80C}.Release|Any CPU.Build.0 = Release|Any CPU
		{9DC3D2BA-8EAC-4A50-A03F-8BECA2FB581B}.Debug|Any CPU.ActiveCfg = Debug|Any CPU
		{9DC3D2BA-8EAC-4A50-A03F-8BECA2FB581B}.Debug|Any CPU.Build.0 = Debug|Any CPU
		{9DC3D2BA-8EAC-4A50-A03F-8BECA2FB581B}.Release|Any CPU.ActiveCfg = Release|Any CPU
		{9DC3D2BA-8EAC-4A50-A03F-8BECA2FB581B}.Release|Any CPU.Build.0 = Release|Any CPU
		{1A4C31A0-28E7-4934-8831-220AE72CF44F}.Debug|Any CPU.ActiveCfg = Debug|Any CPU
		{1A4C31A0-28E7-4934-8831-220AE72CF44F}.Debug|Any CPU.Build.0 = Debug|Any CPU
		{1A4C31A0-28E7-4934-8831-220AE72CF44F}.Release|Any CPU.ActiveCfg = Release|Any CPU
		{1A4C31A0-28E7-4934-8831-220AE72CF44F}.Release|Any CPU.Build.0 = Release|Any CPU
		{EF35B0C8-5A5F-4FFD-A697-600651D364BD}.Debug|Any CPU.ActiveCfg = Debug|Any CPU
		{EF35B0C8-5A5F-4FFD-A697-600651D364BD}.Debug|Any CPU.Build.0 = Debug|Any CPU
		{EF35B0C8-5A5F-4FFD-A697-600651D364BD}.Release|Any CPU.ActiveCfg = Release|Any CPU
		{EF35B0C8-5A5F-4FFD-A697-600651D364BD}.Release|Any CPU.Build.0 = Release|Any CPU
		{7B70BA10-6B81-4922-845B-28D0B559661B}.Debug|Any CPU.ActiveCfg = Debug|Any CPU
		{7B70BA10-6B81-4922-845B-28D0B559661B}.Debug|Any CPU.Build.0 = Debug|Any CPU
		{7B70BA10-6B81-4922-845B-28D0B559661B}.Release|Any CPU.ActiveCfg = Release|Any CPU
		{7B70BA10-6B81-4922-845B-28D0B559661B}.Release|Any CPU.Build.0 = Release|Any CPU
	EndGlobalSection
	GlobalSection(SolutionProperties) = preSolution
		HideSolutionNode = FALSE
	EndGlobalSection
	GlobalSection(NestedProjects) = preSolution
		{4693946E-91E1-4ACE-B2F7-D31A3222BD4D} = {DF740CC3-60CA-4718-A2B6-D2E868321904}
		{9E3E8FCC-F28F-4BE9-9466-472D6E9655FB} = {164293D4-39BF-41E8-9509-8885B7F5CA36}
		{4077D9AB-26E3-47F9-BB4E-95BF7CF9F876} = {DF740CC3-60CA-4718-A2B6-D2E868321904}
		{164293D4-39BF-41E8-9509-8885B7F5CA36} = {DF740CC3-60CA-4718-A2B6-D2E868321904}
		{3E2C33EB-1084-4282-86CB-5F66C6E7C940} = {164293D4-39BF-41E8-9509-8885B7F5CA36}
		{B2886DE8-7BCE-42D4-93DB-31E093BCDABF} = {164293D4-39BF-41E8-9509-8885B7F5CA36}
		{D9F4201A-B6D5-4413-B5A8-9FDA2666307C} = {164293D4-39BF-41E8-9509-8885B7F5CA36}
		{EFD4286B-1362-4F64-9C92-7FB6161A9414} = {164293D4-39BF-41E8-9509-8885B7F5CA36}
		{BFE0A017-7B45-4EFB-B15A-1EEA78E0890A} = {164293D4-39BF-41E8-9509-8885B7F5CA36}
		{F2C06FFE-64F8-4A62-AB6A-7D3B4100D509} = {164293D4-39BF-41E8-9509-8885B7F5CA36}
		{352E2D63-1454-4C44-B23A-991A6A27F80C} = {FBAD9B21-A897-430A-8A8F-3AABC53006D3}
		{9DC3D2BA-8EAC-4A50-A03F-8BECA2FB581B} = {FBAD9B21-A897-430A-8A8F-3AABC53006D3}
		{1A4C31A0-28E7-4934-8831-220AE72CF44F} = {B5C5E144-B435-4540-BCD8-C1469F642576}
		{EF35B0C8-5A5F-4FFD-A697-600651D364BD} = {B5C5E144-B435-4540-BCD8-C1469F642576}
		{7B70BA10-6B81-4922-845B-28D0B559661B} = {B5C5E144-B435-4540-BCD8-C1469F642576}
	EndGlobalSection
	GlobalSection(ExtensibilityGlobals) = postSolution
		SolutionGuid = {A05E246E-5D74-4E08-B5AC-90E868EC77A6}
	EndGlobalSection
EndGlobal
